// !$*UTF8*$!
{
	archiveVersion = 1;
	classes = {
	};
	objectVersion = 50;
	objects = {

/* Begin PBXBuildFile section */
		E42BBA6425335F49005E67A9 /* CheckInViewController.swift in Sources */ = {isa = PBXBuildFile; fileRef = E42BBA6325335F49005E67A9 /* CheckInViewController.swift */; };
		E42BBA66253379AF005E67A9 /* NextViewController.swift in Sources */ = {isa = PBXBuildFile; fileRef = E42BBA65253379AF005E67A9 /* NextViewController.swift */; };
		E474D1492532E54D009FABDB /* AppDelegate.swift in Sources */ = {isa = PBXBuildFile; fileRef = E474D1482532E54D009FABDB /* AppDelegate.swift */; };
		E474D14B2532E54D009FABDB /* SceneDelegate.swift in Sources */ = {isa = PBXBuildFile; fileRef = E474D14A2532E54D009FABDB /* SceneDelegate.swift */; };
		E474D14D2532E54D009FABDB /* ViewController.swift in Sources */ = {isa = PBXBuildFile; fileRef = E474D14C2532E54D009FABDB /* ViewController.swift */; };
		E474D1502532E54D009FABDB /* Main.storyboard in Resources */ = {isa = PBXBuildFile; fileRef = E474D14E2532E54D009FABDB /* Main.storyboard */; };
		E474D1532532E54D009FABDB /* HelpingHand.xcdatamodeld in Sources */ = {isa = PBXBuildFile; fileRef = E474D1512532E54D009FABDB /* HelpingHand.xcdatamodeld */; };
		E474D1552532E552009FABDB /* Assets.xcassets in Resources */ = {isa = PBXBuildFile; fileRef = E474D1542532E552009FABDB /* Assets.xcassets */; };
		E474D1582532E552009FABDB /* LaunchScreen.storyboard in Resources */ = {isa = PBXBuildFile; fileRef = E474D1562532E552009FABDB /* LaunchScreen.storyboard */; };
/* End PBXBuildFile section */

/* Begin PBXFileReference section */
		E42BBA6325335F49005E67A9 /* CheckInViewController.swift */ = {isa = PBXFileReference; lastKnownFileType = sourcecode.swift; path = CheckInViewController.swift; sourceTree = "<group>"; };
		E42BBA65253379AF005E67A9 /* NextViewController.swift */ = {isa = PBXFileReference; lastKnownFileType = sourcecode.swift; path = NextViewController.swift; sourceTree = "<group>"; };
		E474D1452532E54D009FABDB /* HelpingHand.app */ = {isa = PBXFileReference; explicitFileType = wrapper.application; includeInIndex = 0; path = HelpingHand.app; sourceTree = BUILT_PRODUCTS_DIR; };
		E474D1482532E54D009FABDB /* AppDelegate.swift */ = {isa = PBXFileReference; lastKnownFileType = sourcecode.swift; path = AppDelegate.swift; sourceTree = "<group>"; };
		E474D14A2532E54D009FABDB /* SceneDelegate.swift */ = {isa = PBXFileReference; lastKnownFileType = sourcecode.swift; path = SceneDelegate.swift; sourceTree = "<group>"; };
		E474D14C2532E54D009FABDB /* ViewController.swift */ = {isa = PBXFileReference; lastKnownFileType = sourcecode.swift; path = ViewController.swift; sourceTree = "<group>"; };
		E474D14F2532E54D009FABDB /* Base */ = {isa = PBXFileReference; lastKnownFileType = file.storyboard; name = Base; path = Base.lproj/Main.storyboard; sourceTree = "<group>"; };
		E474D1522532E54D009FABDB /* HelpingHand.xcdatamodel */ = {isa = PBXFileReference; lastKnownFileType = wrapper.xcdatamodel; path = HelpingHand.xcdatamodel; sourceTree = "<group>"; };
		E474D1542532E552009FABDB /* Assets.xcassets */ = {isa = PBXFileReference; lastKnownFileType = folder.assetcatalog; path = Assets.xcassets; sourceTree = "<group>"; };
		E474D1572532E552009FABDB /* Base */ = {isa = PBXFileReference; lastKnownFileType = file.storyboard; name = Base; path = Base.lproj/LaunchScreen.storyboard; sourceTree = "<group>"; };
		E474D1592532E552009FABDB /* Info.plist */ = {isa = PBXFileReference; lastKnownFileType = text.plist.xml; path = Info.plist; sourceTree = "<group>"; };
/* End PBXFileReference section */

/* Begin PBXFrameworksBuildPhase section */
		E474D1422532E54D009FABDB /* Frameworks */ = {
			isa = PBXFrameworksBuildPhase;
			buildActionMask = 2147483647;
			files = (
			);
			runOnlyForDeploymentPostprocessing = 0;
		};
/* End PBXFrameworksBuildPhase section */

/* Begin PBXGroup section */
		E474D13C2532E54D009FABDB = {
			isa = PBXGroup;
			children = (
				E474D1472532E54D009FABDB /* HelpingHand */,
				E474D1462532E54D009FABDB /* Products */,
			);
			sourceTree = "<group>";
		};
		E474D1462532E54D009FABDB /* Products */ = {
			isa = PBXGroup;
			children = (
				E474D1452532E54D009FABDB /* HelpingHand.app */,
			);
			name = Products;
			sourceTree = "<group>";
		};
		E474D1472532E54D009FABDB /* HelpingHand */ = {
			isa = PBXGroup;
			children = (
				E474D1482532E54D009FABDB /* AppDelegate.swift */,
				E42BBA6325335F49005E67A9 /* CheckInViewController.swift */,
				E474D14A2532E54D009FABDB /* SceneDelegate.swift */,
				E474D14C2532E54D009FABDB /* ViewController.swift */,
				E474D14E2532E54D009FABDB /* Main.storyboard */,
				E474D1542532E552009FABDB /* Assets.xcassets */,
				E42BBA65253379AF005E67A9 /* NextViewController.swift */,
				E474D1562532E552009FABDB /* LaunchScreen.storyboard */,
				E474D1592532E552009FABDB /* Info.plist */,
				E474D1512532E54D009FABDB /* HelpingHand.xcdatamodeld */,
			);
			path = HelpingHand;
			sourceTree = "<group>";
		};
/* End PBXGroup section */

/* Begin PBXNativeTarget section */
		E474D1442532E54D009FABDB /* HelpingHand */ = {
			isa = PBXNativeTarget;
			buildConfigurationList = E474D15C2532E552009FABDB /* Build configuration list for PBXNativeTarget "HelpingHand" */;
			buildPhases = (
				E474D1412532E54D009FABDB /* Sources */,
				E474D1422532E54D009FABDB /* Frameworks */,
				E474D1432532E54D009FABDB /* Resources */,
			);
			buildRules = (
			);
			dependencies = (
			);
			name = HelpingHand;
			productName = HelpingHand;
			productReference = E474D1452532E54D009FABDB /* HelpingHand.app */;
			productType = "com.apple.product-type.application";
		};
/* End PBXNativeTarget section */

/* Begin PBXProject section */
		E474D13D2532E54D009FABDB /* Project object */ = {
			isa = PBXProject;
			attributes = {
				LastSwiftUpdateCheck = 1160;
				LastUpgradeCheck = 1160;
				ORGANIZATIONNAME = MoDo;
				TargetAttributes = {
					E474D1442532E54D009FABDB = {
						CreatedOnToolsVersion = 11.6;
					};
				};
			};
			buildConfigurationList = E474D1402532E54D009FABDB /* Build configuration list for PBXProject "HelpingHand" */;
			compatibilityVersion = "Xcode 9.3";
			developmentRegion = en;
			hasScannedForEncodings = 0;
			knownRegions = (
				en,
				Base,
			);
			mainGroup = E474D13C2532E54D009FABDB;
			productRefGroup = E474D1462532E54D009FABDB /* Products */;
			projectDirPath = "";
			projectRoot = "";
			targets = (
				E474D1442532E54D009FABDB /* HelpingHand */,
			);
		};
/* End PBXProject section */

/* Begin PBXResourcesBuildPhase section */
		E474D1432532E54D009FABDB /* Resources */ = {
			isa = PBXResourcesBuildPhase;
			buildActionMask = 2147483647;
			files = (
				E474D1582532E552009FABDB /* LaunchScreen.storyboard in Resources */,
				E474D1552532E552009FABDB /* Assets.xcassets in Resources */,
				E474D1502532E54D009FABDB /* Main.storyboard in Resources */,
			);
			runOnlyForDeploymentPostprocessing = 0;
		};
/* End PBXResourcesBuildPhase section */

/* Begin PBXSourcesBuildPhase section */
		E474D1412532E54D009FABDB /* Sources */ = {
			isa = PBXSourcesBuildPhase;
			buildActionMask = 2147483647;
			files = (
				E474D14D2532E54D009FABDB /* ViewController.swift in Sources */,
				E42BBA66253379AF005E67A9 /* NextViewController.swift in Sources */,
				E474D1492532E54D009FABDB /* AppDelegate.swift in Sources */,
				E474D1532532E54D009FABDB /* HelpingHand.xcdatamodeld in Sources */,
				E474D14B2532E54D009FABDB /* SceneDelegate.swift in Sources */,
				E42BBA6425335F49005E67A9 /* CheckInViewController.swift in Sources */,
			);
			runOnlyForDeploymentPostprocessing = 0;
		};
/* End PBXSourcesBuildPhase section */

/* Begin PBXVariantGroup section */
		E474D14E2532E54D009FABDB /* Main.storyboard */ = {
			isa = PBXVariantGroup;
			children = (
				E474D14F2532E54D009FABDB /* Base */,
			);
			name = Main.storyboard;
			sourceTree = "<group>";
		};
		E474D1562532E552009FABDB /* LaunchScreen.storyboard */ = {
			isa = PBXVariantGroup;
			children = (
				E474D1572532E552009FABDB /* Base */,
			);
			name = LaunchScreen.storyboard;
			sourceTree = "<group>";
		};
/* End PBXVariantGroup section */

/* Begin XCBuildConfiguration section */
		E474D15A2532E552009FABDB /* Debug */ = {
			isa = XCBuildConfiguration;
			buildSettings = {
				ALWAYS_SEARCH_USER_PATHS = NO;
				CLANG_ANALYZER_NONNULL = YES;
				CLANG_ANALYZER_NUMBER_OBJECT_CONVERSION = YES_AGGRESSIVE;
				CLANG_CXX_LANGUAGE_STANDARD = "gnu++14";
				CLANG_CXX_LIBRARY = "libc++";
				CLANG_ENABLE_MODULES = YES;
				CLANG_ENABLE_OBJC_ARC = YES;
				CLANG_ENABLE_OBJC_WEAK = YES;
				CLANG_WARN_BLOCK_CAPTURE_AUTORELEASING = YES;
				CLANG_WARN_BOOL_CONVERSION = YES;
				CLANG_WARN_COMMA = YES;
				CLANG_WARN_CONSTANT_CONVERSION = YES;
				CLANG_WARN_DEPRECATED_OBJC_IMPLEMENTATIONS = YES;
				CLANG_WARN_DIRECT_OBJC_ISA_USAGE = YES_ERROR;
				CLANG_WARN_DOCUMENTATION_COMMENTS = YES;
				CLANG_WARN_EMPTY_BODY = YES;
				CLANG_WARN_ENUM_CONVERSION = YES;
				CLANG_WARN_INFINITE_RECURSION = YES;
				CLANG_WARN_INT_CONVERSION = YES;
				CLANG_WARN_NON_LITERAL_NULL_CONVERSION = YES;
				CLANG_WARN_OBJC_IMPLICIT_RETAIN_SELF = YES;
				CLANG_WARN_OBJC_LITERAL_CONVERSION = YES;
				CLANG_WARN_OBJC_ROOT_CLASS = YES_ERROR;
				CLANG_WARN_RANGE_LOOP_ANALYSIS = YES;
				CLANG_WARN_STRICT_PROTOTYPES = YES;
				CLANG_WARN_SUSPICIOUS_MOVE = YES;
				CLANG_WARN_UNGUARDED_AVAILABILITY = YES_AGGRESSIVE;
				CLANG_WARN_UNREACHABLE_CODE = YES;
				CLANG_WARN__DUPLICATE_METHOD_MATCH = YES;
				COPY_PHASE_STRIP = NO;
				DEBUG_INFORMATION_FORMAT = dwarf;
				ENABLE_STRICT_OBJC_MSGSEND = YES;
				ENABLE_TESTABILITY = YES;
				GCC_C_LANGUAGE_STANDARD = gnu11;
				GCC_DYNAMIC_NO_PIC = NO;
				GCC_NO_COMMON_BLOCKS = YES;
				GCC_OPTIMIZATION_LEVEL = 0;
				GCC_PREPROCESSOR_DEFINITIONS = (
					"DEBUG=1",
					"$(inherited)",
				);
				GCC_WARN_64_TO_32_BIT_CONVERSION = YES;
				GCC_WARN_ABOUT_RETURN_TYPE = YES_ERROR;
				GCC_WARN_UNDECLARED_SELECTOR = YES;
				GCC_WARN_UNINITIALIZED_AUTOS = YES_AGGRESSIVE;
				GCC_WARN_UNUSED_FUNCTION = YES;
				GCC_WARN_UNUSED_VARIABLE = YES;
				IPHONEOS_DEPLOYMENT_TARGET = 13.6;
				MTL_ENABLE_DEBUG_INFO = INCLUDE_SOURCE;
				MTL_FAST_MATH = YES;
				ONLY_ACTIVE_ARCH = YES;
				SDKROOT = iphoneos;
				SWIFT_ACTIVE_COMPILATION_CONDITIONS = DEBUG;
				SWIFT_OPTIMIZATION_LEVEL = "-Onone";
			};
			name = Debug;
		};
		E474D15B2532E552009FABDB /* Release */ = {
			isa = XCBuildConfiguration;
			buildSettings = {
				ALWAYS_SEARCH_USER_PATHS = NO;
				CLANG_ANALYZER_NONNULL = YES;
				CLANG_ANALYZER_NUMBER_OBJECT_CONVERSION = YES_AGGRESSIVE;
				CLANG_CXX_LANGUAGE_STANDARD = "gnu++14";
				CLANG_CXX_LIBRARY = "libc++";
				CLANG_ENABLE_MODULES = YES;
				CLANG_ENABLE_OBJC_ARC = YES;
				CLANG_ENABLE_OBJC_WEAK = YES;
				CLANG_WARN_BLOCK_CAPTURE_AUTORELEASING = YES;
				CLANG_WARN_BOOL_CONVERSION = YES;
				CLANG_WARN_COMMA = YES;
				CLANG_WARN_CONSTANT_CONVERSION = YES;
				CLANG_WARN_DEPRECATED_OBJC_IMPLEMENTATIONS = YES;
				CLANG_WARN_DIRECT_OBJC_ISA_USAGE = YES_ERROR;
				CLANG_WARN_DOCUMENTATION_COMMENTS = YES;
				CLANG_WARN_EMPTY_BODY = YES;
				CLANG_WARN_ENUM_CONVERSION = YES;
				CLANG_WARN_INFINITE_RECURSION = YES;
				CLANG_WARN_INT_CONVERSION = YES;
				CLANG_WARN_NON_LITERAL_NULL_CONVERSION = YES;
				CLANG_WARN_OBJC_IMPLICIT_RETAIN_SELF = YES;
				CLANG_WARN_OBJC_LITERAL_CONVERSION = YES;
				CLANG_WARN_OBJC_ROOT_CLASS = YES_ERROR;
				CLANG_WARN_RANGE_LOOP_ANALYSIS = YES;
				CLANG_WARN_STRICT_PROTOTYPES = YES;
				CLANG_WARN_SUSPICIOUS_MOVE = YES;
				CLANG_WARN_UNGUARDED_AVAILABILITY = YES_AGGRESSIVE;
				CLANG_WARN_UNREACHABLE_CODE = YES;
				CLANG_WARN__DUPLICATE_METHOD_MATCH = YES;
				COPY_PHASE_STRIP = NO;
				DEBUG_INFORMATION_FORMAT = "dwarf-with-dsym";
				ENABLE_NS_ASSERTIONS = NO;
				ENABLE_STRICT_OBJC_MSGSEND = YES;
				GCC_C_LANGUAGE_STANDARD = gnu11;
				GCC_NO_COMMON_BLOCKS = YES;
				GCC_WARN_64_TO_32_BIT_CONVERSION = YES;
				GCC_WARN_ABOUT_RETURN_TYPE = YES_ERROR;
				GCC_WARN_UNDECLARED_SELECTOR = YES;
				GCC_WARN_UNINITIALIZED_AUTOS = YES_AGGRESSIVE;
				GCC_WARN_UNUSED_FUNCTION = YES;
				GCC_WARN_UNUSED_VARIABLE = YES;
				IPHONEOS_DEPLOYMENT_TARGET = 13.6;
				MTL_ENABLE_DEBUG_INFO = NO;
				MTL_FAST_MATH = YES;
				SDKROOT = iphoneos;
				SWIFT_COMPILATION_MODE = wholemodule;
				SWIFT_OPTIMIZATION_LEVEL = "-O";
				VALIDATE_PRODUCT = YES;
			};
			name = Release;
		};
		E474D15D2532E552009FABDB /* Debug */ = {
			isa = XCBuildConfiguration;
			buildSettings = {
				ASSETCATALOG_COMPILER_APPICON_NAME = AppIcon;
				CODE_SIGN_STYLE = Automatic;
				DEVELOPMENT_TEAM = WHRKUX9Y9L;
				INFOPLIST_FILE = HelpingHand/Info.plist;
				LD_RUNPATH_SEARCH_PATHS = (
					"$(inherited)",
					"@executable_path/Frameworks",
				);
				PRODUCT_BUNDLE_IDENTIFIER = MoDo.HelpingHand;
				PRODUCT_NAME = "$(TARGET_NAME)";
				SWIFT_VERSION = 5.0;
				TARGETED_DEVICE_FAMILY = "1,2";
			};
			name = Debug;
		};
		E474D15E2532E552009FABDB /* Release */ = {
			isa = XCBuildConfiguration;
			buildSettings = {
				ASSETCATALOG_COMPILER_APPICON_NAME = AppIcon;
				CODE_SIGN_STYLE = Automatic;
				DEVELOPMENT_TEAM = WHRKUX9Y9L;
				INFOPLIST_FILE = HelpingHand/Info.plist;
				LD_RUNPATH_SEARCH_PATHS = (
					"$(inherited)",
					"@executable_path/Frameworks",
				);
				PRODUCT_BUNDLE_IDENTIFIER = MoDo.HelpingHand;
				PRODUCT_NAME = "$(TARGET_NAME)";
				SWIFT_VERSION = 5.0;
				TARGETED_DEVICE_FAMILY = "1,2";
			};
			name = Release;
		};
/* End XCBuildConfiguration section */

/* Begin XCConfigurationList section */
		E474D1402532E54D009FABDB /* Build configuration list for PBXProject "HelpingHand" */ = {
			isa = XCConfigurationList;
			buildConfigurations = (
				E474D15A2532E552009FABDB /* Debug */,
				E474D15B2532E552009FABDB /* Release */,
			);
			defaultConfigurationIsVisible = 0;
			defaultConfigurationName = Release;
		};
		E474D15C2532E552009FABDB /* Build configuration list for PBXNativeTarget "HelpingHand" */ = {
			isa = XCConfigurationList;
			buildConfigurations = (
				E474D15D2532E552009FABDB /* Debug */,
				E474D15E2532E552009FABDB /* Release */,
			);
			defaultConfigurationIsVisible = 0;
			defaultConfigurationName = Release;
		};
/* End XCConfigurationList section */

/* Begin XCVersionGroup section */
		E474D1512532E54D009FABDB /* HelpingHand.xcdatamodeld */ = {
			isa = XCVersionGroup;
			children = (
				E474D1522532E54D009FABDB /* HelpingHand.xcdatamodel */,
			);
			currentVersion = E474D1522532E54D009FABDB /* HelpingHand.xcdatamodel */;
			path = HelpingHand.xcdatamodeld;
			sourceTree = "<group>";
			versionGroupType = wrapper.xcdatamodel;
		};
/* End XCVersionGroup section */
	};
	rootObject = E474D13D2532E54D009FABDB /* Project object */;
}
